
Microsoft Visual Studio Solution File, Format Version 11.00
# Visual Studio 2010
Project("{FAE04EC0-301F-11D3-BF4B-00C04F79EFBC}") = "FatCatPomodoro", "FatCatPomodoro\FatCatPomodoro.csproj", "{32423B76-65FC-4DED-815B-EC29D9F15B22}"
EndProject
Global
	GlobalSection(SolutionConfigurationPlatforms) = preSolution
		Debug|x86 = Debug|x86
		Release|x86 = Release|x86
	EndGlobalSection
	GlobalSection(ProjectConfigurationPlatforms) = postSolution
		{32423B76-65FC-4DED-815B-EC29D9F15B22}.Debug|x86.ActiveCfg = Debug|x86
		{32423B76-65FC-4DED-815B-EC29D9F15B22}.Debug|x86.Build.0 = Debug|x86
		{32423B76-65FC-4DED-815B-EC29D9F15B22}.Release|x86.ActiveCfg = Release|x86
		{32423B76-65FC-4DED-815B-EC29D9F15B22}.Release|x86.Build.0 = Release|x86
	EndGlobalSection
	GlobalSection(SolutionProperties) = preSolution
		HideSolutionNode = FALSE
	EndGlobalSection
EndGlobal
